
Microsoft Visual Studio Solution File, Format Version 12.00
# Visual Studio Version 17
VisualStudioVersion = 17.11.35312.102
MinimumVisualStudioVersion = 10.0.40219.1
Project("{FAE04EC0-301F-11D3-BF4B-00C04F79EFBC}") = "CrudOperations", "CrudOperations\CrudOperations.csproj", "{E77D42EF-3ED0-46C6-BD33-D54F8E6F21D2}"
EndProject
Global
	GlobalSection(SolutionConfigurationPlatforms) = preSolution
		Debug|Any CPU = Debug|Any CPU
		Release|Any CPU = Release|Any CPU
	EndGlobalSection
	GlobalSection(ProjectConfigurationPlatforms) = postSolution
		{E77D42EF-3ED0-46C6-BD33-D54F8E6F21D2}.Debug|Any CPU.ActiveCfg = Debug|Any CPU
		{E77D42EF-3ED0-46C6-BD33-D54F8E6F21D2}.Debug|Any CPU.Build.0 = Debug|Any CPU
		{E77D42EF-3ED0-46C6-BD33-D54F8E6F21D2}.Release|Any CPU.ActiveCfg = Release|Any CPU
		{E77D42EF-3ED0-46C6-BD33-D54F8E6F21D2}.Release|Any CPU.Build.0 = Release|Any CPU
	EndGlobalSection
	GlobalSection(SolutionProperties) = preSolution
		HideSolutionNode = FALSE
	EndGlobalSection
	GlobalSection(ExtensibilityGlobals) = postSolution
		SolutionGuid = {20CA9C6C-DDE3-4064-8A3C-DBACBD93D40A}
	EndGlobalSection
EndGlobal
